
Microsoft Visual Studio Solution File, Format Version 12.00
# Visual Studio Version 17
VisualStudioVersion = 17.0.31903.59
MinimumVisualStudioVersion = 10.0.40219.1
Project("{FAE04EC0-301F-11D3-BF4B-00C04F79EFBC}") = "StationeryStore.Domain", "StationeryStore.Domain\StationeryStore.Domain.csproj", "{311B4001-EF21-4A38-9D4F-3773FAFFF97F}"
EndProject
Project("{FAE04EC0-301F-11D3-BF4B-00C04F79EFBC}") = "StationeryStore.Application", "StationeryStore.Application\StationeryStore.Application.csproj", "{263528CF-95A3-44A1-B1CA-0ED34B9C98F0}"
EndProject
Project("{FAE04EC0-301F-11D3-BF4B-00C04F79EFBC}") = "StationeryStore.Infrastructure", "StationeryStore.Infrastructure\StationeryStore.Infrastructure.csproj", "{6609ECDB-E823-45C0-B15A-67BF1E81B389}"
EndProject
Project("{FAE04EC0-301F-11D3-BF4B-00C04F79EFBC}") = "StationeryStore.API", "StationeryStore.API\StationeryStore.API.csproj", "{938FF890-EDA2-46CF-A439-E42F59991FCB}"
EndProject
Project("{FAE04EC0-301F-11D3-BF4B-00C04F79EFBC}") = "StationeryStore.Tests", "StationeryStore.Tests\StationeryStore.Tests.csproj", "{8A8E6D82-A03A-4AE4-B9E7-C1242323B295}"
EndProject
Global
	GlobalSection(SolutionConfigurationPlatforms) = preSolution
		Debug|Any CPU = Debug|Any CPU
		Release|Any CPU = Release|Any CPU
	EndGlobalSection
	GlobalSection(SolutionProperties) = preSolution
		HideSolutionNode = FALSE
	EndGlobalSection
	GlobalSection(ProjectConfigurationPlatforms) = postSolution
		{311B4001-EF21-4A38-9D4F-3773FAFFF97F}.Debug|Any CPU.ActiveCfg = Debug|Any CPU
		{311B4001-EF21-4A38-9D4F-3773FAFFF97F}.Debug|Any CPU.Build.0 = Debug|Any CPU
		{311B4001-EF21-4A38-9D4F-3773FAFFF97F}.Release|Any CPU.ActiveCfg = Release|Any CPU
		{311B4001-EF21-4A38-9D4F-3773FAFFF97F}.Release|Any CPU.Build.0 = Release|Any CPU
		{263528CF-95A3-44A1-B1CA-0ED34B9C98F0}.Debug|Any CPU.ActiveCfg = Debug|Any CPU
		{263528CF-95A3-44A1-B1CA-0ED34B9C98F0}.Debug|Any CPU.Build.0 = Debug|Any CPU
		{263528CF-95A3-44A1-B1CA-0ED34B9C98F0}.Release|Any CPU.ActiveCfg = Release|Any CPU
		{263528CF-95A3-44A1-B1CA-0ED34B9C98F0}.Release|Any CPU.Build.0 = Release|Any CPU
		{6609ECDB-E823-45C0-B15A-67BF1E81B389}.Debug|Any CPU.ActiveCfg = Debug|Any CPU
		{6609ECDB-E823-45C0-B15A-67BF1E81B389}.Debug|Any CPU.Build.0 = Debug|Any CPU
		{6609ECDB-E823-45C0-B15A-67BF1E81B389}.Release|Any CPU.ActiveCfg = Release|Any CPU
		{6609ECDB-E823-45C0-B15A-67BF1E81B389}.Release|Any CPU.Build.0 = Release|Any CPU
		{938FF890-EDA2-46CF-A439-E42F59991FCB}.Debug|Any CPU.ActiveCfg = Debug|Any CPU
		{938FF890-EDA2-46CF-A439-E42F59991FCB}.Debug|Any CPU.Build.0 = Debug|Any CPU
		{938FF890-EDA2-46CF-A439-E42F59991FCB}.Release|Any CPU.ActiveCfg = Release|Any CPU
		{938FF890-EDA2-46CF-A439-E42F59991FCB}.Release|Any CPU.Build.0 = Release|Any CPU
		{8A8E6D82-A03A-4AE4-B9E7-C1242323B295}.Debug|Any CPU.ActiveCfg = Debug|Any CPU
		{8A8E6D82-A03A-4AE4-B9E7-C1242323B295}.Debug|Any CPU.Build.0 = Debug|Any CPU
		{8A8E6D82-A03A-4AE4-B9E7-C1242323B295}.Release|Any CPU.ActiveCfg = Release|Any CPU
		{8A8E6D82-A03A-4AE4-B9E7-C1242323B295}.Release|Any CPU.Build.0 = Release|Any CPU
	EndGlobalSection
EndGlobal
